{
  "name": "mdba-process-models",
  "version": "0.1.0",
  "lockfileVersion": 3,
  "requires": true,
  "packages": {
    "": {
      "name": "mdba-process-models",
      "version": "0.1.0",
      "license": "UNLICENSED",
      "dependencies": {
        "chalk": "^4.1.2"
      },
      "devDependencies": {
        "bpmn-js": "^18.6.1",
        "bpmn-moddle": "^8.0.1"
      }
    },
    "node_modules/@bpmn-io/diagram-js-ui": {
      "version": "0.2.3",
      "resolved": "https://registry.npmjs.org/@bpmn-io/diagram-js-ui/-/diagram-js-ui-0.2.3.tgz",
      "integrity": "sha512-OGyjZKvGK8tHSZ0l7RfeKhilGoOGtFDcoqSGYkX0uhFlo99OVZ9Jn1K7TJGzcE9BdKwvA5Y5kGqHEhdTxHvFfw==",
      "dev": true,
      "license": "MIT",
      "dependencies": {
        "htm": "^3.1.1",
        "preact": "^10.11.2"
      }
    },
    "node_modules/ansi-styles": {
      "version": "4.3.0",
      "resolved": "https://registry.npmjs.org/ansi-styles/-/ansi-styles-4.3.0.tgz",
      "integrity": "sha512-zbB9rCJAT1rbjiVDb2hqKFHNYLxgtk8NURxZ3IZwD3F6NtxbXZQCnnSi1Lkx+IDohdPlFp222wVALIheZJQSEg==",
      "license": "MIT",
      "dependencies": {
        "color-convert": "^2.0.1"
      },
      "engines": {
        "node": ">=8"
      },
      "funding": {
        "url": "https://github.com/chalk/ansi-styles?sponsor=1"
      }
    },
    "node_modules/bpmn-js": {
      "version": "18.6.1",
      "resolved": "https://registry.npmjs.org/bpmn-js/-/bpmn-js-18.6.1.tgz",
      "integrity": "sha512-4nZNJPnF1MOQD3U7zUOT5xK+3vn7vililk+xRuILoQuVFxUOBQ7iJzU/O4kRn5/paHMn86G3UHuTc2fHdgiSgQ==",
      "dev": true,
      "license": "SEE LICENSE IN LICENSE",
      "dependencies": {
        "bpmn-moddle": "^9.0.1",
        "diagram-js": "^15.3.0",
        "diagram-js-direct-editing": "^3.2.0",
        "ids": "^1.0.5",
        "inherits-browser": "^0.1.0",
        "min-dash": "^4.1.1",
        "min-dom": "^4.2.1",
        "tiny-svg": "^3.1.2"
      },
      "engines": {
        "node": "*"
      }
    },
    "node_modules/bpmn-js/node_modules/bpmn-moddle": {
      "version": "9.0.1",
      "resolved": "https://registry.npmjs.org/bpmn-moddle/-/bpmn-moddle-9.0.1.tgz",
      "integrity": "sha512-jO2P5RBx0cZCCd+imqhpNE5anttaYuGd71u76NEA/qMZwJSW1t5ETAtw9/E2InfiPU2w0TR8oxPyopJXRc9VQg==",
      "dev": true,
      "license": "MIT",
      "dependencies": {
        "min-dash": "^4.2.1",
        "moddle": "^7.0.0",
        "moddle-xml": "^11.0.0"
      },
      "engines": {
        "node": ">= 18"
      }
    },
    "node_modules/bpmn-js/node_modules/moddle": {
      "version": "7.2.0",
      "resolved": "https://registry.npmjs.org/moddle/-/moddle-7.2.0.tgz",
      "integrity": "sha512-x1+JREThy7JBOBR3g2hbOnOfrlC/YAWXX9RzrSZS5HhqeuBly9H/PCtOBtcQs+Y2sjRAXF+WTNSgHvn8Uq+6Yw==",
      "dev": true,
      "license": "MIT",
      "dependencies": {
        "min-dash": "^4.2.1"
      }
    },
    "node_modules/bpmn-js/node_modules/moddle-xml": {
      "version": "11.0.0",
      "resolved": "https://registry.npmjs.org/moddle-xml/-/moddle-xml-11.0.0.tgz",
      "integrity": "sha512-L3Sseepfcq9Uy0iIfqEDTXSoYLva1Y/JGbN/4AMOeQ6cqbu8Ma/SDJIdOFm7smsAa64j2z3SwCGG3FIilQVnUg==",
      "dev": true,
      "license": "MIT",
      "dependencies": {
        "min-dash": "^4.0.0",
        "saxen": "^10.0.0"
      },
      "engines": {
        "node": ">= 18"
      },
      "peerDependencies": {
        "moddle": ">= 6.2.0"
      }
    },
    "node_modules/bpmn-js/node_modules/saxen": {
      "version": "10.0.0",
      "resolved": "https://registry.npmjs.org/saxen/-/saxen-10.0.0.tgz",
      "integrity": "sha512-RXsmWok/SAWqOG/f5ADEz51DN9WtZEzqih3e08ranldcaXekxjx8NBKjGh/y5hlowjo0JH/LekBu6gtPFD1G6g==",
      "dev": true,
      "license": "MIT",
      "engines": {
        "node": ">= 18"
      }
    },
    "node_modules/bpmn-moddle": {
      "version": "8.1.0",
      "resolved": "https://registry.npmjs.org/bpmn-moddle/-/bpmn-moddle-8.1.0.tgz",
      "integrity": "sha512-yI5OAFfYVJwViKTsTsonVfCBPtB3MlefADUORwNIxxBOMp21vnoxuxsdgUWlPH/dvAEZh/+mr8UtqOBNu8NC5Q==",
      "dev": true,
      "license": "MIT",
      "dependencies": {
        "min-dash": "^4.0.0",
        "moddle": "^6.2.3",
        "moddle-xml": "^10.1.0"
      }
    },
    "node_modules/chalk": {
      "version": "4.1.2",
      "resolved": "https://registry.npmjs.org/chalk/-/chalk-4.1.2.tgz",
      "integrity": "sha512-oKnbhFyRIXpUuez8iBMmyEa4nbj4IOQyuhc/wy9kY7/WVPcwIO9VA668Pu8RkO7+0G76SLROeyw9CpQ061i4mA==",
      "license": "MIT",
      "dependencies": {
        "ansi-styles": "^4.1.0",
        "supports-color": "^7.1.0"
      },
      "engines": {
        "node": ">=10"
      },
      "funding": {
        "url": "https://github.com/chalk/chalk?sponsor=1"
      }
    },
    "node_modules/clsx": {
      "version": "2.1.1",
      "resolved": "https://registry.npmjs.org/clsx/-/clsx-2.1.1.tgz",
      "integrity": "sha512-eYm0QWBtUrBWZWG0d386OGAw16Z995PiOVo2B7bjWSbHedGl5e0ZWaq65kOGgUSNesEIDkB9ISbTg/JK9dhCZA==",
      "dev": true,
      "license": "MIT",
      "engines": {
        "node": ">=6"
      }
    },
    "node_modules/color-convert": {
      "version": "2.0.1",
      "resolved": "https://registry.npmjs.org/color-convert/-/color-convert-2.0.1.tgz",
      "integrity": "sha512-RRECPsj7iu/xb5oKYcsFHSppFNnsj/52OVTRKb4zP5onXwVF3zVmmToNcOfGC+CRDpfK/U584fMg38ZHCaElKQ==",
      "license": "MIT",
      "dependencies": {
        "color-name": "~1.1.4"
      },
      "engines": {
        "node": ">=7.0.0"
      }
    },
    "node_modules/color-name": {
      "version": "1.1.4",
      "resolved": "https://registry.npmjs.org/color-name/-/color-name-1.1.4.tgz",
      "integrity": "sha512-dOy+3AuW3a2wNbZHIuMZpTcgjGuLU/uBL/ubcZF9OXbDo8ff4O8yVp5Bf0efS8uEoYo5q4Fx7dY9OgQGXgAsQA==",
      "license": "MIT"
    },
    "node_modules/component-event": {
      "version": "0.2.1",
      "resolved": "https://registry.npmjs.org/component-event/-/component-event-0.2.1.tgz",
      "integrity": "sha512-wGA++isMqiDq1jPYeyv2as/Bt/u+3iLW0rEa+8NQ82jAv3TgqMiCM+B2SaBdn2DfLilLjjq736YcezihRYhfxw==",
      "dev": true,
      "license": "MIT"
    },
    "node_modules/diagram-js": {
      "version": "15.3.0",
      "resolved": "https://registry.npmjs.org/diagram-js/-/diagram-js-15.3.0.tgz",
      "integrity": "sha512-Fjq+C8Bee2DhX9N3jpIUIhbqvSbP6oMD75n+y5UChcr34buApZFO+fXsv8a/SlW+tci+6nvc71vf17TBY/RJVg==",
      "dev": true,
      "license": "MIT",
      "dependencies": {
        "@bpmn-io/diagram-js-ui": "^0.2.3",
        "clsx": "^2.1.0",
        "didi": "^10.2.2",
        "inherits-browser": "^0.1.0",
        "min-dash": "^4.1.0",
        "min-dom": "^4.2.1",
        "object-refs": "^0.4.0",
        "path-intersection": "^3.0.0",
        "tiny-svg": "^3.1.2"
      },
      "engines": {
        "node": "*"
      }
    },
    "node_modules/diagram-js-direct-editing": {
      "version": "3.2.0",
      "resolved": "https://registry.npmjs.org/diagram-js-direct-editing/-/diagram-js-direct-editing-3.2.0.tgz",
      "integrity": "sha512-+pyxeQGBSdLiZX0/tmmsm2qZSvm9YtVzod5W3RMHSTR7VrkUMD6E7EX/W9JQv3ebxO7oIdqFmytmNDDpSHnYEw==",
      "dev": true,
      "license": "MIT",
      "dependencies": {
        "min-dash": "^4.0.0",
        "min-dom": "^4.2.1"
      },
      "engines": {
        "node": "*"
      },
      "peerDependencies": {
        "diagram-js": "*"
      }
    },
    "node_modules/didi": {
      "version": "10.2.2",
      "resolved": "https://registry.npmjs.org/didi/-/didi-10.2.2.tgz",
      "integrity": "sha512-l8NYkYFXV1izHI65EyT8EXOjUZtKmQkHLTT89cSP7HU5J/G7AOj0dXKtLc04EXYlga99PBY18IPjOeZ+c3DI4w==",
      "dev": true,
      "license": "MIT",
      "engines": {
        "node": ">= 16"
      }
    },
    "node_modules/domify": {
      "version": "1.4.2",
      "resolved": "https://registry.npmjs.org/domify/-/domify-1.4.2.tgz",
      "integrity": "sha512-m4yreHcUWHBncGVV7U+yQzc12vIlq0jMrtHZ5mW6dQMiL/7skSYNVX9wqKwOtyO9SGCgevrAFEgOCAHmamHTUA==",
      "dev": true,
      "license": "MIT",
      "funding": {
        "url": "https://github.com/sponsors/sindresorhus"
      }
    },
    "node_modules/has-flag": {
      "version": "4.0.0",
      "resolved": "https://registry.npmjs.org/has-flag/-/has-flag-4.0.0.tgz",
      "integrity": "sha512-EykJT/Q1KjTWctppgIAgfSO0tKVuZUjhgMr17kqTumMl6Afv3EISleU7qZUzoXDFTAHTDC4NOoG/ZxU3EvlMPQ==",
      "license": "MIT",
      "engines": {
        "node": ">=8"
      }
    },
    "node_modules/htm": {
      "version": "3.1.1",
      "resolved": "https://registry.npmjs.org/htm/-/htm-3.1.1.tgz",
      "integrity": "sha512-983Vyg8NwUE7JkZ6NmOqpCZ+sh1bKv2iYTlUkzlWmA5JD2acKoxd4KVxbMmxX/85mtfdnDmTFoNKcg5DGAvxNQ==",
      "dev": true,
      "license": "Apache-2.0"
    },
    "node_modules/ids": {
      "version": "1.0.5",
      "resolved": "https://registry.npmjs.org/ids/-/ids-1.0.5.tgz",
      "integrity": "sha512-XQ0yom/4KWTL29sLG+tyuycy7UmeaM/79GRtSJq6IG9cJGIPeBz5kwDCguie3TwxaMNIc3WtPi0cTa1XYHicpw==",
      "dev": true,
      "license": "MIT"
    },
    "node_modules/inherits-browser": {
      "version": "0.1.0",
      "resolved": "https://registry.npmjs.org/inherits-browser/-/inherits-browser-0.1.0.tgz",
      "integrity": "sha512-CJHHvW3jQ6q7lzsXPpapLdMx5hDpSF3FSh45pwsj6bKxJJ8Nl8v43i5yXnr3BdfOimGHKyniewQtnAIp3vyJJw==",
      "dev": true,
      "license": "ISC"
    },
    "node_modules/min-dash": {
      "version": "4.2.3",
      "resolved": "https://registry.npmjs.org/min-dash/-/min-dash-4.2.3.tgz",
      "integrity": "sha512-VLMYQI5+FcD9Ad24VcB08uA83B07OhueAlZ88jBK6PyupTvEJwllTMUqMy0wPGYs7pZUEtEEMWdHB63m3LtEcg==",
      "dev": true,
      "license": "MIT"
    },
    "node_modules/min-dom": {
      "version": "4.2.1",
      "resolved": "https://registry.npmjs.org/min-dom/-/min-dom-4.2.1.tgz",
      "integrity": "sha512-TMoL8SEEIhUWYgkj7XMSgxmwSyGI+4fP2KFFGnN3FbHfbGHVdsLYSz8LoIsgPhz4dWRmLvxWWSMgzZMJW5sZuA==",
      "dev": true,
      "license": "MIT",
      "dependencies": {
        "component-event": "^0.2.1",
        "domify": "^1.4.1",
        "min-dash": "^4.2.1"
      }
    },
    "node_modules/moddle": {
      "version": "6.2.3",
      "resolved": "https://registry.npmjs.org/moddle/-/moddle-6.2.3.tgz",
      "integrity": "sha512-bLVN+ZHL3aKnhxc19XtjUfvdJsS3EsiEJC7bT6YPD11qYmTzvsxrGgyYz1Ouof7TZuGw0lDJ1OLmEnxcpQWk3Q==",
      "dev": true,
      "license": "MIT",
      "dependencies": {
        "min-dash": "^4.0.0"
      }
    },
    "node_modules/moddle-xml": {
      "version": "10.1.0",
      "resolved": "https://registry.npmjs.org/moddle-xml/-/moddle-xml-10.1.0.tgz",
      "integrity": "sha512-erWckwLt+dYskewKXJso9u+aAZ5172lOiYxSOqKCPTy7L/xmqH1PoeoA7eVC7oJTt3PqF5TkZzUmbjGH6soQBg==",
      "dev": true,
      "license": "MIT",
      "dependencies": {
        "min-dash": "^4.0.0",
        "moddle": "^6.0.0",
        "saxen": "^8.1.2"
      }
    },
    "node_modules/object-refs": {
      "version": "0.4.0",
      "resolved": "https://registry.npmjs.org/object-refs/-/object-refs-0.4.0.tgz",
      "integrity": "sha512-6kJqKWryKZmtte6QYvouas0/EIJKPI1/MMIuRsiBlNuhIMfqYTggzX2F1AJ2+cDs288xyi9GL7FyasHINR98BQ==",
      "dev": true,
      "license": "MIT",
      "engines": {
        "node": "*"
      }
    },
    "node_modules/path-intersection": {
      "version": "3.1.0",
      "resolved": "https://registry.npmjs.org/path-intersection/-/path-intersection-3.1.0.tgz",
      "integrity": "sha512-3xS3lvv/vuwm5aH2BVvNRvnvwR2Drde7jQClKpCXTYXIMMjcw/EnMhzCgeHwqbCpzi760PEfAkU53vSIlrNr9A==",
      "dev": true,
      "license": "MIT",
      "engines": {
        "node": ">= 14.20"
      }
    },
    "node_modules/preact": {
      "version": "10.26.6",
      "resolved": "https://registry.npmjs.org/preact/-/preact-10.26.6.tgz",
      "integrity": "sha512-5SRRBinwpwkaD+OqlBDeITlRgvd8I8QlxHJw9AxSdMNV6O+LodN9nUyYGpSF7sadHjs6RzeFShMexC6DbtWr9g==",
      "dev": true,
      "license": "MIT",
      "funding": {
        "type": "opencollective",
        "url": "https://opencollective.com/preact"
      }
    },
    "node_modules/saxen": {
      "version": "8.1.2",
      "resolved": "https://registry.npmjs.org/saxen/-/saxen-8.1.2.tgz",
      "integrity": "sha512-xUOiiFbc3Ow7p8KMxwsGICPx46ZQvy3+qfNVhrkwfz3Vvq45eGt98Ft5IQaA1R/7Tb5B5MKh9fUR9x3c3nDTxw==",
      "dev": true,
      "license": "MIT"
    },
    "node_modules/supports-color": {
      "version": "7.2.0",
      "resolved": "https://registry.npmjs.org/supports-color/-/supports-color-7.2.0.tgz",
      "integrity": "sha512-qpCAvRl9stuOHveKsn7HncJRvv501qIacKzQlO/+Lwxc9+0q2wLyv4Dfvt80/DPn2pqOBsJdDiogXGR9+OvwRw==",
      "license": "MIT",
      "dependencies": {
        "has-flag": "^4.0.0"
      },
      "engines": {
        "node": ">=8"
      }
    },
    "node_modules/tiny-svg": {
      "version": "3.1.3",
      "resolved": "https://registry.npmjs.org/tiny-svg/-/tiny-svg-3.1.3.tgz",
      "integrity": "sha512-9mwnPqXInRsBmH/DO6NMxBE++9LsqpVXQSSTZGc5bomoKKvL5OX/Hlotw7XVXP6XLRcHWIzZpxfovGqWKgCypQ==",
      "dev": true,
      "license": "MIT"
    }
  }
}
